PODS:
  - Flutter (1.0.0)
  - flutter_line_sdk (2.0.0):
    - Flutter
    - LineSDKSwift (~> 5.3)
  - LineSDKSwift (5.7.0):
    - LineSDKSwift/Core (= 5.7.0)
  - LineSDKSwift/Core (5.7.0)
  - shared_preferences (0.0.1):
    - Flutter

DEPENDENCIES:
  - Flutter (from `Flutter`)
  - flutter_line_sdk (from `.symlinks/plugins/flutter_line_sdk/ios`)
  - shared_preferences (from `.symlinks/plugins/shared_preferences/ios`)

SPEC REPOS:
  trunk:
    - LineSDKSwift

EXTERNAL SOURCES:
  Flutter:
    :path: Flutter
  flutter_line_sdk:
    :path: ".symlinks/plugins/flutter_line_sdk/ios"
  shared_preferences:
    :path: ".symlinks/plugins/shared_preferences/ios"

SPEC CHECKSUMS:
  Flutter: 434fef37c0980e73bb6479ef766c45957d4b510c
  flutter_line_sdk: e906ffa756c0ab01a3fd9c3dbe1c26e0092de3ff
  LineSDKSwift: f9c232f89185b887b5725aa278325f3a23e33bbc
  shared_preferences: af6bfa751691cdc24be3045c43ec037377ada40d

PODFILE CHECKSUM: c58c5cb18dba11b8a1d01fd0e61d7716aa6a0f8a

COCOAPODS: 1.10.1
